
Microsoft Visual Studio Solution File, Format Version 12.00
# Visual Studio Version 17
VisualStudioVersion = 17.1.32319.34
MinimumVisualStudioVersion = 10.0.40219.1
Project("{FAE04EC0-301F-11D3-BF4B-00C04F79EFBC}") = "Geom", "Geom\Geom.csproj", "{2479E5A8-B322-4131-832B-F3441A8DBE17}"
EndProject
Global
	GlobalSection(SolutionConfigurationPlatforms) = preSolution
		Debug|Any CPU = Debug|Any CPU
		Release|Any CPU = Release|Any CPU
	EndGlobalSection
	GlobalSection(ProjectConfigurationPlatforms) = postSolution
		{2479E5A8-B322-4131-832B-F3441A8DBE17}.Debug|Any CPU.ActiveCfg = Debug|Any CPU
		{2479E5A8-B322-4131-832B-F3441A8DBE17}.Debug|Any CPU.Build.0 = Debug|Any CPU
		{2479E5A8-B322-4131-832B-F3441A8DBE17}.Release|Any CPU.ActiveCfg = Release|Any CPU
		{2479E5A8-B322-4131-832B-F3441A8DBE17}.Release|Any CPU.Build.0 = Release|Any CPU
	EndGlobalSection
	GlobalSection(SolutionProperties) = preSolution
		HideSolutionNode = FALSE
	EndGlobalSection
	GlobalSection(ExtensibilityGlobals) = postSolution
		SolutionGuid = {D583FBA1-202A-46AB-A5B5-E3F99B0A2A16}
	EndGlobalSection
EndGlobal
